// !$*UTF8*$!
{
	archiveVersion = 1;
	classes = {
	};
	objectVersion = 46;
	objects = {

/* Begin PBXBuildFile section */
		BD375E9A1F30F50D0006DF0A /* AppDelegate.swift in Sources */ = {isa = PBXBuildFile; fileRef = BD375E991F30F50D0006DF0A /* AppDelegate.swift */; };
		BD375E9C1F30F50D0006DF0A /* ViewController.swift in Sources */ = {isa = PBXBuildFile; fileRef = BD375E9B1F30F50D0006DF0A /* ViewController.swift */; };
		BD375E9F1F30F50D0006DF0A /* Main.storyboard in Resources */ = {isa = PBXBuildFile; fileRef = BD375E9D1F30F50D0006DF0A /* Main.storyboard */; };
		BD375EA21F30F50D0006DF0A /* Poke_Go.xcdatamodeld in Sources */ = {isa = PBXBuildFile; fileRef = BD375EA01F30F50D0006DF0A /* Poke_Go.xcdatamodeld */; };
		BD375EA41F30F50D0006DF0A /* Assets.xcassets in Resources */ = {isa = PBXBuildFile; fileRef = BD375EA31F30F50D0006DF0A /* Assets.xcassets */; };
		BD375EA71F30F50D0006DF0A /* LaunchScreen.storyboard in Resources */ = {isa = PBXBuildFile; fileRef = BD375EA51F30F50D0006DF0A /* LaunchScreen.storyboard */; };
		BD375EB01F3138EE0006DF0A /* MapKit.framework in Frameworks */ = {isa = PBXBuildFile; fileRef = BD375EAF1F3138EE0006DF0A /* MapKit.framework */; };
		BD375EB21F328C810006DF0A /* PokedexViewController.swift in Sources */ = {isa = PBXBuildFile; fileRef = BD375EB11F328C810006DF0A /* PokedexViewController.swift */; };
/* End PBXBuildFile section */

/* Begin PBXFileReference section */
		BD375E961F30F50D0006DF0A /* Poke Go.app */ = {isa = PBXFileReference; explicitFileType = wrapper.application; includeInIndex = 0; path = "Poke Go.app"; sourceTree = BUILT_PRODUCTS_DIR; };
		BD375E991F30F50D0006DF0A /* AppDelegate.swift */ = {isa = PBXFileReference; lastKnownFileType = sourcecode.swift; path = AppDelegate.swift; sourceTree = "<group>"; };
		BD375E9B1F30F50D0006DF0A /* ViewController.swift */ = {isa = PBXFileReference; lastKnownFileType = sourcecode.swift; path = ViewController.swift; sourceTree = "<group>"; };
		BD375E9E1F30F50D0006DF0A /* Base */ = {isa = PBXFileReference; lastKnownFileType = file.storyboard; name = Base; path = Base.lproj/Main.storyboard; sourceTree = "<group>"; };
		BD375EA11F30F50D0006DF0A /* Poke_Go.xcdatamodel */ = {isa = PBXFileReference; lastKnownFileType = wrapper.xcdatamodel; path = Poke_Go.xcdatamodel; sourceTree = "<group>"; };
		BD375EA31F30F50D0006DF0A /* Assets.xcassets */ = {isa = PBXFileReference; lastKnownFileType = folder.assetcatalog; path = Assets.xcassets; sourceTree = "<group>"; };
		BD375EA61F30F50D0006DF0A /* Base */ = {isa = PBXFileReference; lastKnownFileType = file.storyboard; name = Base; path = Base.lproj/LaunchScreen.storyboard; sourceTree = "<group>"; };
		BD375EA81F30F50D0006DF0A /* Info.plist */ = {isa = PBXFileReference; lastKnownFileType = text.plist.xml; path = Info.plist; sourceTree = "<group>"; };
		BD375EAF1F3138EE0006DF0A /* MapKit.framework */ = {isa = PBXFileReference; lastKnownFileType = wrapper.framework; name = MapKit.framework; path = System/Library/Frameworks/MapKit.framework; sourceTree = SDKROOT; };
		BD375EB11F328C810006DF0A /* PokedexViewController.swift */ = {isa = PBXFileReference; fileEncoding = 4; lastKnownFileType = sourcecode.swift; path = PokedexViewController.swift; sourceTree = "<group>"; };
/* End PBXFileReference section */

/* Begin PBXFrameworksBuildPhase section */
		BD375E931F30F50D0006DF0A /* Frameworks */ = {
			isa = PBXFrameworksBuildPhase;
			buildActionMask = 2147483647;
			files = (
				BD375EB01F3138EE0006DF0A /* MapKit.framework in Frameworks */,
			);
			runOnlyForDeploymentPostprocessing = 0;
		};
/* End PBXFrameworksBuildPhase section */

/* Begin PBXGroup section */
		BD375E8D1F30F50D0006DF0A = {
			isa = PBXGroup;
			children = (
				BD375E981F30F50D0006DF0A /* Poke Go */,
				BD375E971F30F50D0006DF0A /* Products */,
				BD375EAE1F3138ED0006DF0A /* Frameworks */,
			);
			sourceTree = "<group>";
		};
		BD375E971F30F50D0006DF0A /* Products */ = {
			isa = PBXGroup;
			children = (
				BD375E961F30F50D0006DF0A /* Poke Go.app */,
			);
			name = Products;
			sourceTree = "<group>";
		};
		BD375E981F30F50D0006DF0A /* Poke Go */ = {
			isa = PBXGroup;
			children = (
				BD375E991F30F50D0006DF0A /* AppDelegate.swift */,
				BD375E9B1F30F50D0006DF0A /* ViewController.swift */,
				BD375EB11F328C810006DF0A /* PokedexViewController.swift */,
				BD375E9D1F30F50D0006DF0A /* Main.storyboard */,
				BD375EA31F30F50D0006DF0A /* Assets.xcassets */,
				BD375EA51F30F50D0006DF0A /* LaunchScreen.storyboard */,
				BD375EA81F30F50D0006DF0A /* Info.plist */,
				BD375EA01F30F50D0006DF0A /* Poke_Go.xcdatamodeld */,
			);
			path = "Poke Go";
			sourceTree = "<group>";
		};
		BD375EAE1F3138ED0006DF0A /* Frameworks */ = {
			isa = PBXGroup;
			children = (
				BD375EAF1F3138EE0006DF0A /* MapKit.framework */,
			);
			name = Frameworks;
			sourceTree = "<group>";
		};
/* End PBXGroup section */

/* Begin PBXNativeTarget section */
		BD375E951F30F50D0006DF0A /* Poke Go */ = {
			isa = PBXNativeTarget;
			buildConfigurationList = BD375EAB1F30F50D0006DF0A /* Build configuration list for PBXNativeTarget "Poke Go" */;
			buildPhases = (
				BD375E921F30F50D0006DF0A /* Sources */,
				BD375E931F30F50D0006DF0A /* Frameworks */,
				BD375E941F30F50D0006DF0A /* Resources */,
			);
			buildRules = (
			);
			dependencies = (
			);
			name = "Poke Go";
			productName = "Poke Go";
			productReference = BD375E961F30F50D0006DF0A /* Poke Go.app */;
			productType = "com.apple.product-type.application";
		};
/* End PBXNativeTarget section */

/* Begin PBXProject section */
		BD375E8E1F30F50D0006DF0A /* Project object */ = {
			isa = PBXProject;
			attributes = {
				LastSwiftUpdateCheck = 0830;
				LastUpgradeCheck = 0830;
				ORGANIZATIONNAME = "Zach Butcher";
				TargetAttributes = {
					BD375E951F30F50D0006DF0A = {
						CreatedOnToolsVersion = 8.3.3;
						DevelopmentTeam = 32RLU5XTKN;
						ProvisioningStyle = Automatic;
					};
				};
			};
			buildConfigurationList = BD375E911F30F50D0006DF0A /* Build configuration list for PBXProject "Poke Go" */;
			compatibilityVersion = "Xcode 3.2";
			developmentRegion = English;
			hasScannedForEncodings = 0;
			knownRegions = (
				en,
				Base,
			);
			mainGroup = BD375E8D1F30F50D0006DF0A;
			productRefGroup = BD375E971F30F50D0006DF0A /* Products */;
			projectDirPath = "";
			projectRoot = "";
			targets = (
				BD375E951F30F50D0006DF0A /* Poke Go */,
			);
		};
/* End PBXProject section */

/* Begin PBXResourcesBuildPhase section */
		BD375E941F30F50D0006DF0A /* Resources */ = {
			isa = PBXResourcesBuildPhase;
			buildActionMask = 2147483647;
			files = (
				BD375EA71F30F50D0006DF0A /* LaunchScreen.storyboard in Resources */,
				BD375EA41F30F50D0006DF0A /* Assets.xcassets in Resources */,
				BD375E9F1F30F50D0006DF0A /* Main.storyboard in Resources */,
			);
			runOnlyForDeploymentPostprocessing = 0;
		};
/* End PBXResourcesBuildPhase section */

/* Begin PBXSourcesBuildPhase section */
		BD375E921F30F50D0006DF0A /* Sources */ = {
			isa = PBXSourcesBuildPhase;
			buildActionMask = 2147483647;
			files = (
				BD375E9C1F30F50D0006DF0A /* ViewController.swift in Sources */,
				BD375EB21F328C810006DF0A /* PokedexViewController.swift in Sources */,
				BD375E9A1F30F50D0006DF0A /* AppDelegate.swift in Sources */,
				BD375EA21F30F50D0006DF0A /* Poke_Go.xcdatamodeld in Sources */,
			);
			runOnlyForDeploymentPostprocessing = 0;
		};
/* End PBXSourcesBuildPhase section */

/* Begin PBXVariantGroup section */
		BD375E9D1F30F50D0006DF0A /* Main.storyboard */ = {
			isa = PBXVariantGroup;
			children = (
				BD375E9E1F30F50D0006DF0A /* Base */,
			);
			name = Main.storyboard;
			sourceTree = "<group>";
		};
		BD375EA51F30F50D0006DF0A /* LaunchScreen.storyboard */ = {
			isa = PBXVariantGroup;
			children = (
				BD375EA61F30F50D0006DF0A /* Base */,
			);
			name = LaunchScreen.storyboard;
			sourceTree = "<group>";
		};
/* End PBXVariantGroup section */

/* Begin XCBuildConfiguration section */
		BD375EA91F30F50D0006DF0A /* Debug */ = {
			isa = XCBuildConfiguration;
			buildSettings = {
				ALWAYS_SEARCH_USER_PATHS = NO;
				CLANG_ANALYZER_NONNULL = YES;
				CLANG_ANALYZER_NUMBER_OBJECT_CONVERSION = YES_AGGRESSIVE;
				CLANG_CXX_LANGUAGE_STANDARD = "gnu++0x";
				CLANG_CXX_LIBRARY = "libc++";
				CLANG_ENABLE_MODULES = YES;
				CLANG_ENABLE_OBJC_ARC = YES;
				CLANG_WARN_BOOL_CONVERSION = YES;
				CLANG_WARN_CONSTANT_CONVERSION = YES;
				CLANG_WARN_DIRECT_OBJC_ISA_USAGE = YES_ERROR;
				CLANG_WARN_DOCUMENTATION_COMMENTS = YES;
				CLANG_WARN_EMPTY_BODY = YES;
				CLANG_WARN_ENUM_CONVERSION = YES;
				CLANG_WARN_INFINITE_RECURSION = YES;
				CLANG_WARN_INT_CONVERSION = YES;
				CLANG_WARN_OBJC_ROOT_CLASS = YES_ERROR;
				CLANG_WARN_SUSPICIOUS_MOVE = YES;
				CLANG_WARN_UNREACHABLE_CODE = YES;
				CLANG_WARN__DUPLICATE_METHOD_MATCH = YES;
				"CODE_SIGN_IDENTITY[sdk=iphoneos*]" = "iPhone Developer";
				COPY_PHASE_STRIP = NO;
				DEBUG_INFORMATION_FORMAT = dwarf;
				ENABLE_STRICT_OBJC_MSGSEND = YES;
				ENABLE_TESTABILITY = YES;
				GCC_C_LANGUAGE_STANDARD = gnu99;
				GCC_DYNAMIC_NO_PIC = NO;
				GCC_NO_COMMON_BLOCKS = YES;
				GCC_OPTIMIZATION_LEVEL = 0;
				GCC_PREPROCESSOR_DEFINITIONS = (
					"DEBUG=1",
					"$(inherited)",
				);
				GCC_WARN_64_TO_32_BIT_CONVERSION = YES;
				GCC_WARN_ABOUT_RETURN_TYPE = YES_ERROR;
				GCC_WARN_UNDECLARED_SELECTOR = YES;
				GCC_WARN_UNINITIALIZED_AUTOS = YES_AGGRESSIVE;
				GCC_WARN_UNUSED_FUNCTION = YES;
				GCC_WARN_UNUSED_VARIABLE = YES;
				IPHONEOS_DEPLOYMENT_TARGET = 10.3;
				MTL_ENABLE_DEBUG_INFO = YES;
				ONLY_ACTIVE_ARCH = YES;
				SDKROOT = iphoneos;
				SWIFT_ACTIVE_COMPILATION_CONDITIONS = DEBUG;
				SWIFT_OPTIMIZATION_LEVEL = "-Onone";
				TARGETED_DEVICE_FAMILY = "1,2";
			};
			name = Debug;
		};
		BD375EAA1F30F50D0006DF0A /* Release */ = {
			isa = XCBuildConfiguration;
			buildSettings = {
				ALWAYS_SEARCH_USER_PATHS = NO;
				CLANG_ANALYZER_NONNULL = YES;
				CLANG_ANALYZER_NUMBER_OBJECT_CONVERSION = YES_AGGRESSIVE;
				CLANG_CXX_LANGUAGE_STANDARD = "gnu++0x";
				CLANG_CXX_LIBRARY = "libc++";
				CLANG_ENABLE_MODULES = YES;
				CLANG_ENABLE_OBJC_ARC = YES;
				CLANG_WARN_BOOL_CONVERSION = YES;
				CLANG_WARN_CONSTANT_CONVERSION = YES;
				CLANG_WARN_DIRECT_OBJC_ISA_USAGE = YES_ERROR;
				CLANG_WARN_DOCUMENTATION_COMMENTS = YES;
				CLANG_WARN_EMPTY_BODY = YES;
				CLANG_WARN_ENUM_CONVERSION = YES;
				CLANG_WARN_INFINITE_RECURSION = YES;
				CLANG_WARN_INT_CONVERSION = YES;
				CLANG_WARN_OBJC_ROOT_CLASS = YES_ERROR;
				CLANG_WARN_SUSPICIOUS_MOVE = YES;
				CLANG_WARN_UNREACHABLE_CODE = YES;
				CLANG_WARN__DUPLICATE_METHOD_MATCH = YES;
				"CODE_SIGN_IDENTITY[sdk=iphoneos*]" = "iPhone Developer";
				COPY_PHASE_STRIP = NO;
				DEBUG_INFORMATION_FORMAT = "dwarf-with-dsym";
				ENABLE_NS_ASSERTIONS = NO;
				ENABLE_STRICT_OBJC_MSGSEND = YES;
				GCC_C_LANGUAGE_STANDARD = gnu99;
				GCC_NO_COMMON_BLOCKS = YES;
				GCC_WARN_64_TO_32_BIT_CONVERSION = YES;
				GCC_WARN_ABOUT_RETURN_TYPE = YES_ERROR;
				GCC_WARN_UNDECLARED_SELECTOR = YES;
				GCC_WARN_UNINITIALIZED_AUTOS = YES_AGGRESSIVE;
				GCC_WARN_UNUSED_FUNCTION = YES;
				GCC_WARN_UNUSED_VARIABLE = YES;
				IPHONEOS_DEPLOYMENT_TARGET = 10.3;
				MTL_ENABLE_DEBUG_INFO = NO;
				SDKROOT = iphoneos;
				SWIFT_OPTIMIZATION_LEVEL = "-Owholemodule";
				TARGETED_DEVICE_FAMILY = "1,2";
				VALIDATE_PRODUCT = YES;
			};
			name = Release;
		};
		BD375EAC1F30F50D0006DF0A /* Debug */ = {
			isa = XCBuildConfiguration;
			buildSettings = {
				ASSETCATALOG_COMPILER_APPICON_NAME = AppIcon;
				DEVELOPMENT_TEAM = 32RLU5XTKN;
				INFOPLIST_FILE = "Poke Go/Info.plist";
				LD_RUNPATH_SEARCH_PATHS = "$(inherited) @executable_path/Frameworks";
				PRODUCT_BUNDLE_IDENTIFIER = "nerdobservation.Poke-Go";
				PRODUCT_NAME = "$(TARGET_NAME)";
				SWIFT_VERSION = 3.0;
			};
			name = Debug;
		};
		BD375EAD1F30F50D0006DF0A /* Release */ = {
			isa = XCBuildConfiguration;
			buildSettings = {
				ASSETCATALOG_COMPILER_APPICON_NAME = AppIcon;
				DEVELOPMENT_TEAM = 32RLU5XTKN;
				INFOPLIST_FILE = "Poke Go/Info.plist";
				LD_RUNPATH_SEARCH_PATHS = "$(inherited) @executable_path/Frameworks";
				PRODUCT_BUNDLE_IDENTIFIER = "nerdobservation.Poke-Go";
				PRODUCT_NAME = "$(TARGET_NAME)";
				SWIFT_VERSION = 3.0;
			};
			name = Release;
		};
/* End XCBuildConfiguration section */

/* Begin XCConfigurationList section */
		BD375E911F30F50D0006DF0A /* Build configuration list for PBXProject "Poke Go" */ = {
			isa = XCConfigurationList;
			buildConfigurations = (
				BD375EA91F30F50D0006DF0A /* Debug */,
				BD375EAA1F30F50D0006DF0A /* Release */,
			);
			defaultConfigurationIsVisible = 0;
			defaultConfigurationName = Release;
		};
		BD375EAB1F30F50D0006DF0A /* Build configuration list for PBXNativeTarget "Poke Go" */ = {
			isa = XCConfigurationList;
			buildConfigurations = (
				BD375EAC1F30F50D0006DF0A /* Debug */,
				BD375EAD1F30F50D0006DF0A /* Release */,
			);
			defaultConfigurationIsVisible = 0;
		};
/* End XCConfigurationList section */

/* Begin XCVersionGroup section */
		BD375EA01F30F50D0006DF0A /* Poke_Go.xcdatamodeld */ = {
			isa = XCVersionGroup;
			children = (
				BD375EA11F30F50D0006DF0A /* Poke_Go.xcdatamodel */,
			);
			currentVersion = BD375EA11F30F50D0006DF0A /* Poke_Go.xcdatamodel */;
			path = Poke_Go.xcdatamodeld;
			sourceTree = "<group>";
			versionGroupType = wrapper.xcdatamodel;
		};
/* End XCVersionGroup section */
	};
	rootObject = BD375E8E1F30F50D0006DF0A /* Project object */;
}
